# THIS IS AN AUTOGENERATED FILE. DO NOT EDIT THIS FILE DIRECTLY.
# yarn lockfile v1


git-config@^0.0.7:
  version "0.0.7"
  resolved "https://registry.yarnpkg.com/git-config/-/git-config-0.0.7.tgz#a9c8a3ef07a776c3d72261356d8b727b62202b28"
  dependencies:
    iniparser "~1.0.5"

iniparser@~1.0.5:
  version "1.0.5"
  resolved "https://registry.yarnpkg.com/iniparser/-/iniparser-1.0.5.tgz#836d6befe6dfbfcee0bccf1cf9f2acc7027f783d"
